
Microsoft Visual Studio Solution File, Format Version 12.00
# Visual Studio Version 17
VisualStudioVersion = 17.5.002.0
MinimumVisualStudioVersion = 10.0.40219.1
Project("{9A19103F-16F7-4668-BE54-9A1E7A4F7556}") = "secure-reverse-proxy", "secure-reverse-proxy.csproj", "{F9D04EC3-F2EA-46B2-9F10-856292C7F910}"
EndProject
Global
	GlobalSection(SolutionConfigurationPlatforms) = preSolution
		Debug|Any CPU = Debug|Any CPU
		Release|Any CPU = Release|Any CPU
	EndGlobalSection
	GlobalSection(ProjectConfigurationPlatforms) = postSolution
		{F9D04EC3-F2EA-46B2-9F10-856292C7F910}.Debug|Any CPU.ActiveCfg = Debug|Any CPU
		{F9D04EC3-F2EA-46B2-9F10-856292C7F910}.Debug|Any CPU.Build.0 = Debug|Any CPU
		{F9D04EC3-F2EA-46B2-9F10-856292C7F910}.Release|Any CPU.ActiveCfg = Release|Any CPU
		{F9D04EC3-F2EA-46B2-9F10-856292C7F910}.Release|Any CPU.Build.0 = Release|Any CPU
	EndGlobalSection
	GlobalSection(SolutionProperties) = preSolution
		HideSolutionNode = FALSE
	EndGlobalSection
	GlobalSection(ExtensibilityGlobals) = postSolution
		SolutionGuid = {1560078D-BFFA-4210-B4DB-7672A55734BB}
	EndGlobalSection
EndGlobal
